PODS:
  - audioplayers (0.0.1):
    - Flutter
  - battery (0.0.1):
    - Flutter
  - device_info (0.0.1):
    - Flutter
  - Flutter (1.0.0)
  - flutter_js (0.0.1):
    - Flutter
  - flutter_seekbar (0.0.1):
    - Flutter
  - flutter_share (0.0.1):
    - Flutter
  - FMDB (2.7.5):
    - FMDB/standard (= 2.7.5)
  - FMDB/standard (2.7.5)
  - path_provider (0.0.1):
    - Flutter
  - path_provider_macos (0.0.1):
    - Flutter
  - shared_preferences (0.0.1):
    - Flutter
  - shared_preferences_macos (0.0.1):
    - Flutter
  - shared_preferences_web (0.0.1):
    - Flutter
  - sqflite (0.0.1):
    - Flutter
    - FMDB (~> 2.7.2)
  - url_launcher (0.0.1):
    - Flutter
  - url_launcher_macos (0.0.1):
    - Flutter
  - url_launcher_web (0.0.1):
    - Flutter
  - video_player (0.0.1):
    - Flutter
  - video_player_web (0.0.1):
    - Flutter
  - webview_flutter (0.0.1):
    - Flutter

DEPENDENCIES:
  - audioplayers (from `.symlinks/plugins/audioplayers/ios`)
  - battery (from `.symlinks/plugins/battery/ios`)
  - device_info (from `.symlinks/plugins/device_info/ios`)
  - Flutter (from `Flutter`)
  - flutter_js (from `.symlinks/plugins/flutter_js/ios`)
  - flutter_seekbar (from `.symlinks/plugins/flutter_seekbar/ios`)
  - flutter_share (from `.symlinks/plugins/flutter_share/ios`)
  - path_provider (from `.symlinks/plugins/path_provider/ios`)
  - path_provider_macos (from `.symlinks/plugins/path_provider_macos/ios`)
  - shared_preferences (from `.symlinks/plugins/shared_preferences/ios`)
  - shared_preferences_macos (from `.symlinks/plugins/shared_preferences_macos/ios`)
  - shared_preferences_web (from `.symlinks/plugins/shared_preferences_web/ios`)
  - sqflite (from `.symlinks/plugins/sqflite/ios`)
  - url_launcher (from `.symlinks/plugins/url_launcher/ios`)
  - url_launcher_macos (from `.symlinks/plugins/url_launcher_macos/ios`)
  - url_launcher_web (from `.symlinks/plugins/url_launcher_web/ios`)
  - video_player (from `.symlinks/plugins/video_player/ios`)
  - video_player_web (from `.symlinks/plugins/video_player_web/ios`)
  - webview_flutter (from `.symlinks/plugins/webview_flutter/ios`)

SPEC REPOS:
  https://mirrors.tuna.tsinghua.edu.cn/git/CocoaPods/Specs.git:
    - FMDB

EXTERNAL SOURCES:
  audioplayers:
    :path: ".symlinks/plugins/audioplayers/ios"
  battery:
    :path: ".symlinks/plugins/battery/ios"
  device_info:
    :path: ".symlinks/plugins/device_info/ios"
  Flutter:
    :path: Flutter
  flutter_js:
    :path: ".symlinks/plugins/flutter_js/ios"
  flutter_seekbar:
    :path: ".symlinks/plugins/flutter_seekbar/ios"
  flutter_share:
    :path: ".symlinks/plugins/flutter_share/ios"
  path_provider:
    :path: ".symlinks/plugins/path_provider/ios"
  path_provider_macos:
    :path: ".symlinks/plugins/path_provider_macos/ios"
  shared_preferences:
    :path: ".symlinks/plugins/shared_preferences/ios"
  shared_preferences_macos:
    :path: ".symlinks/plugins/shared_preferences_macos/ios"
  shared_preferences_web:
    :path: ".symlinks/plugins/shared_preferences_web/ios"
  sqflite:
    :path: ".symlinks/plugins/sqflite/ios"
  url_launcher:
    :path: ".symlinks/plugins/url_launcher/ios"
  url_launcher_macos:
    :path: ".symlinks/plugins/url_launcher_macos/ios"
  url_launcher_web:
    :path: ".symlinks/plugins/url_launcher_web/ios"
  video_player:
    :path: ".symlinks/plugins/video_player/ios"
  video_player_web:
    :path: ".symlinks/plugins/video_player_web/ios"
  webview_flutter:
    :path: ".symlinks/plugins/webview_flutter/ios"

SPEC CHECKSUMS:
  audioplayers: 84f968cea3f2deab00ec4f8ff53358b3c0b3992c
  battery: 6b19dafdbba590f03b1f0cd2f1224e3ffedadbe6
  device_info: d7d233b645a32c40dfdc212de5cf646ca482f175
  Flutter: 0e3d915762c693b495b44d77113d4970485de6ec
  flutter_js: eb1d2d30ead7b5e597f7e7bfed642589ca15efe2
  flutter_seekbar: 611a908fbb7553d78a8af5adf422cdf822a14540
  flutter_share: 4be0208963c60b537e6255ed2ce1faae61cd9ac2
  FMDB: 2ce00b547f966261cd18927a3ddb07cb6f3db82a
  path_provider: abfe2b5c733d04e238b0d8691db0cfd63a27a93c
  path_provider_macos: f760a3c5b04357c380e2fddb6f9db6f3015897e0
  shared_preferences: af6bfa751691cdc24be3045c43ec037377ada40d
  shared_preferences_macos: f3f29b71ccbb56bf40c9dd6396c9acf15e214087
  shared_preferences_web: 141cce0c3ed1a1c5bf2a0e44f52d31eeb66e5ea9
  sqflite: 4001a31ff81d210346b500c55b17f4d6c7589dd0
  url_launcher: 6fef411d543ceb26efce54b05a0a40bfd74cbbef
  url_launcher_macos: fd7894421cd39320dce5f292fc99ea9270b2a313
  url_launcher_web: e5527357f037c87560776e36436bf2b0288b965c
  video_player: 69c5f029fac4ffe4fc8a85ea7f7b793709661549
  video_player_web: da8cadb8274ed4f8dbee8d7171b420dedd437ce7
  webview_flutter: db3aba222b23e4dc432e0c5882834123dc50ff9f

PODFILE CHECKSUM: 14508cef14eab9be7dec172f0a1ad06ea3de7705

COCOAPODS: 1.9.1
